
Microsoft Visual Studio Solution File, Format Version 12.00
# Visual Studio Version 17
VisualStudioVersion = 17.6.33815.320
MinimumVisualStudioVersion = 10.0.40219.1
Project("{FAE04EC0-301F-11D3-BF4B-00C04F79EFBC}") = "GitBackup", "GitBackup\GitBackup.csproj", "{15562115-7560-4D07-A100-E7ADBA7F3536}"
EndProject
Global
	GlobalSection(SolutionConfigurationPlatforms) = preSolution
		Debug|Any CPU = Debug|Any CPU
		Release|Any CPU = Release|Any CPU
	EndGlobalSection
	GlobalSection(ProjectConfigurationPlatforms) = postSolution
		{15562115-7560-4D07-A100-E7ADBA7F3536}.Debug|Any CPU.ActiveCfg = Debug|Any CPU
		{15562115-7560-4D07-A100-E7ADBA7F3536}.Debug|Any CPU.Build.0 = Debug|Any CPU
		{15562115-7560-4D07-A100-E7ADBA7F3536}.Release|Any CPU.ActiveCfg = Release|Any CPU
		{15562115-7560-4D07-A100-E7ADBA7F3536}.Release|Any CPU.Build.0 = Release|Any CPU
	EndGlobalSection
	GlobalSection(SolutionProperties) = preSolution
		HideSolutionNode = FALSE
	EndGlobalSection
	GlobalSection(ExtensibilityGlobals) = postSolution
		SolutionGuid = {1180DBA2-2E1D-4288-B265-2EE2171E52A1}
	EndGlobalSection
EndGlobal
